
Microsoft Visual Studio Solution File, Format Version 12.00
# Visual Studio Version 17
VisualStudioVersion = 17.3.32929.385
MinimumVisualStudioVersion = 10.0.40219.1
Project("{FAE04EC0-301F-11D3-BF4B-00C04F79EFBC}") = "Deliverable5", "Deliverable5\Deliverable5.csproj", "{467902D2-163A-41DE-929C-A5253BBE16B1}"
EndProject
Global
	GlobalSection(SolutionConfigurationPlatforms) = preSolution
		Debug|Any CPU = Debug|Any CPU
		Release|Any CPU = Release|Any CPU
	EndGlobalSection
	GlobalSection(ProjectConfigurationPlatforms) = postSolution
		{467902D2-163A-41DE-929C-A5253BBE16B1}.Debug|Any CPU.ActiveCfg = Debug|Any CPU
		{467902D2-163A-41DE-929C-A5253BBE16B1}.Debug|Any CPU.Build.0 = Debug|Any CPU
		{467902D2-163A-41DE-929C-A5253BBE16B1}.Release|Any CPU.ActiveCfg = Release|Any CPU
		{467902D2-163A-41DE-929C-A5253BBE16B1}.Release|Any CPU.Build.0 = Release|Any CPU
	EndGlobalSection
	GlobalSection(SolutionProperties) = preSolution
		HideSolutionNode = FALSE
	EndGlobalSection
	GlobalSection(ExtensibilityGlobals) = postSolution
		SolutionGuid = {F09AC5EC-1744-4A1F-B193-19050B3921E6}
	EndGlobalSection
EndGlobal
